
Microsoft Visual Studio Solution File, Format Version 12.00
# Visual Studio Version 17
VisualStudioVersion = 17.2.32630.192
MinimumVisualStudioVersion = 10.0.40219.1
Project("{FAE04EC0-301F-11D3-BF4B-00C04F79EFBC}") = "Kata", "Kata.csproj", "{AE301275-E919-418A-A090-8EBAF510A49A}"
EndProject
Global
	GlobalSection(SolutionConfigurationPlatforms) = preSolution
		Debug|Any CPU = Debug|Any CPU
		Release|Any CPU = Release|Any CPU
	EndGlobalSection
	GlobalSection(ProjectConfigurationPlatforms) = postSolution
		{AE301275-E919-418A-A090-8EBAF510A49A}.Debug|Any CPU.ActiveCfg = Debug|Any CPU
		{AE301275-E919-418A-A090-8EBAF510A49A}.Debug|Any CPU.Build.0 = Debug|Any CPU
		{AE301275-E919-418A-A090-8EBAF510A49A}.Release|Any CPU.ActiveCfg = Release|Any CPU
		{AE301275-E919-418A-A090-8EBAF510A49A}.Release|Any CPU.Build.0 = Release|Any CPU
	EndGlobalSection
	GlobalSection(SolutionProperties) = preSolution
		HideSolutionNode = FALSE
	EndGlobalSection
	GlobalSection(ExtensibilityGlobals) = postSolution
		SolutionGuid = {E1D77A8B-C263-4B40-9C37-238DA3BE83B9}
	EndGlobalSection
EndGlobal
